
Microsoft Visual Studio Solution File, Format Version 12.00
# Visual Studio Version 16
VisualStudioVersion = 16.0.30406.217
MinimumVisualStudioVersion = 10.0.40219.1
Project("{9A19103F-16F7-4668-BE54-9A1E7A4F7556}") = "Ishant_Goyal", "Ishant_Goyal\Ishant_Goyal.csproj", "{179E40C9-A48D-4EA2-BB10-95F747AFABD3}"
EndProject
Global
	GlobalSection(SolutionConfigurationPlatforms) = preSolution
		Debug|Any CPU = Debug|Any CPU
		Release|Any CPU = Release|Any CPU
	EndGlobalSection
	GlobalSection(ProjectConfigurationPlatforms) = postSolution
		{179E40C9-A48D-4EA2-BB10-95F747AFABD3}.Debug|Any CPU.ActiveCfg = Debug|Any CPU
		{179E40C9-A48D-4EA2-BB10-95F747AFABD3}.Debug|Any CPU.Build.0 = Debug|Any CPU
		{179E40C9-A48D-4EA2-BB10-95F747AFABD3}.Release|Any CPU.ActiveCfg = Release|Any CPU
		{179E40C9-A48D-4EA2-BB10-95F747AFABD3}.Release|Any CPU.Build.0 = Release|Any CPU
	EndGlobalSection
	GlobalSection(SolutionProperties) = preSolution
		HideSolutionNode = FALSE
	EndGlobalSection
	GlobalSection(ExtensibilityGlobals) = postSolution
		SolutionGuid = {D6DCBADB-00AE-4DBA-A66B-10DCBDBC52D2}
	EndGlobalSection
EndGlobal
